
Microsoft Visual Studio Solution File, Format Version 12.00
# Visual Studio Version 16
VisualStudioVersion = 16.0.30621.155
MinimumVisualStudioVersion = 10.0.40219.1
Project("{8BC9CEB8-8B4A-11D0-8D11-00A0C91BC942}") = "URI 1134  Type of Fuel", "URI 1134  Type of Fuel\URI 1134  Type of Fuel.vcxproj", "{F3B0835C-3A02-45A5-85C9-449DAE234674}"
EndProject
Global
	GlobalSection(SolutionConfigurationPlatforms) = preSolution
		Debug|x64 = Debug|x64
		Debug|x86 = Debug|x86
		Release|x64 = Release|x64
		Release|x86 = Release|x86
	EndGlobalSection
	GlobalSection(ProjectConfigurationPlatforms) = postSolution
		{F3B0835C-3A02-45A5-85C9-449DAE234674}.Debug|x64.ActiveCfg = Debug|x64
		{F3B0835C-3A02-45A5-85C9-449DAE234674}.Debug|x64.Build.0 = Debug|x64
		{F3B0835C-3A02-45A5-85C9-449DAE234674}.Debug|x86.ActiveCfg = Debug|Win32
		{F3B0835C-3A02-45A5-85C9-449DAE234674}.Debug|x86.Build.0 = Debug|Win32
		{F3B0835C-3A02-45A5-85C9-449DAE234674}.Release|x64.ActiveCfg = Release|x64
		{F3B0835C-3A02-45A5-85C9-449DAE234674}.Release|x64.Build.0 = Release|x64
		{F3B0835C-3A02-45A5-85C9-449DAE234674}.Release|x86.ActiveCfg = Release|Win32
		{F3B0835C-3A02-45A5-85C9-449DAE234674}.Release|x86.Build.0 = Release|Win32
	EndGlobalSection
	GlobalSection(SolutionProperties) = preSolution
		HideSolutionNode = FALSE
	EndGlobalSection
	GlobalSection(ExtensibilityGlobals) = postSolution
		SolutionGuid = {E7FE37FF-6B04-4885-AE27-2734ECF9562C}
	EndGlobalSection
EndGlobal
